// !$*UTF8*$!
{
	archiveVersion = 1;
	classes = {
	};
	objectVersion = 48;
	objects = {

/* Begin PBXBuildFile section */
		493E7CB0202B42D10028DF55 /* AppDelegate.swift in Sources */ = {isa = PBXBuildFile; fileRef = 493E7CAF202B42D10028DF55 /* AppDelegate.swift */; };
		493E7CB2202B42D10028DF55 /* ViewController.swift in Sources */ = {isa = PBXBuildFile; fileRef = 493E7CB1202B42D10028DF55 /* ViewController.swift */; };
		493E7CB4202B42D10028DF55 /* Assets.xcassets in Resources */ = {isa = PBXBuildFile; fileRef = 493E7CB3202B42D10028DF55 /* Assets.xcassets */; };
		493E7CB7202B42D10028DF55 /* Main.storyboard in Resources */ = {isa = PBXBuildFile; fileRef = 493E7CB5202B42D10028DF55 /* Main.storyboard */; };
		493E7CC3202B42D10028DF55 /* LedBLEControlTests.swift in Sources */ = {isa = PBXBuildFile; fileRef = 493E7CC2202B42D10028DF55 /* LedBLEControlTests.swift */; };
/* End PBXBuildFile section */

/* Begin PBXContainerItemProxy section */
		493E7CBF202B42D10028DF55 /* PBXContainerItemProxy */ = {
			isa = PBXContainerItemProxy;
			containerPortal = 493E7CA4202B42D10028DF55 /* Project object */;
			proxyType = 1;
			remoteGlobalIDString = 493E7CAB202B42D10028DF55;
			remoteInfo = LedBLEControl;
		};
/* End PBXContainerItemProxy section */

/* Begin PBXFileReference section */
		493E7CAC202B42D10028DF55 /* LedBLEControl.app */ = {isa = PBXFileReference; explicitFileType = wrapper.application; includeInIndex = 0; path = LedBLEControl.app; sourceTree = BUILT_PRODUCTS_DIR; };
		493E7CAF202B42D10028DF55 /* AppDelegate.swift */ = {isa = PBXFileReference; lastKnownFileType = sourcecode.swift; path = AppDelegate.swift; sourceTree = "<group>"; };
		493E7CB1202B42D10028DF55 /* ViewController.swift */ = {isa = PBXFileReference; lastKnownFileType = sourcecode.swift; path = ViewController.swift; sourceTree = "<group>"; };
		493E7CB3202B42D10028DF55 /* Assets.xcassets */ = {isa = PBXFileReference; lastKnownFileType = folder.assetcatalog; path = Assets.xcassets; sourceTree = "<group>"; };
		493E7CB6202B42D10028DF55 /* Base */ = {isa = PBXFileReference; lastKnownFileType = file.storyboard; name = Base; path = Base.lproj/Main.storyboard; sourceTree = "<group>"; };
		493E7CB8202B42D10028DF55 /* Info.plist */ = {isa = PBXFileReference; lastKnownFileType = text.plist.xml; path = Info.plist; sourceTree = "<group>"; };
		493E7CB9202B42D10028DF55 /* LedBLEControl.entitlements */ = {isa = PBXFileReference; lastKnownFileType = text.plist.entitlements; path = LedBLEControl.entitlements; sourceTree = "<group>"; };
		493E7CBE202B42D10028DF55 /* LedBLEControlTests.xctest */ = {isa = PBXFileReference; explicitFileType = wrapper.cfbundle; includeInIndex = 0; path = LedBLEControlTests.xctest; sourceTree = BUILT_PRODUCTS_DIR; };
		493E7CC2202B42D10028DF55 /* LedBLEControlTests.swift */ = {isa = PBXFileReference; lastKnownFileType = sourcecode.swift; path = LedBLEControlTests.swift; sourceTree = "<group>"; };
		493E7CC4202B42D10028DF55 /* Info.plist */ = {isa = PBXFileReference; lastKnownFileType = text.plist.xml; path = Info.plist; sourceTree = "<group>"; };
/* End PBXFileReference section */

/* Begin PBXFrameworksBuildPhase section */
		493E7CA9202B42D10028DF55 /* Frameworks */ = {
			isa = PBXFrameworksBuildPhase;
			buildActionMask = 2147483647;
			files = (
			);
			runOnlyForDeploymentPostprocessing = 0;
		};
		493E7CBB202B42D10028DF55 /* Frameworks */ = {
			isa = PBXFrameworksBuildPhase;
			buildActionMask = 2147483647;
			files = (
			);
			runOnlyForDeploymentPostprocessing = 0;
		};
/* End PBXFrameworksBuildPhase section */

/* Begin PBXGroup section */
		493E7CA3202B42D10028DF55 = {
			isa = PBXGroup;
			children = (
				493E7CAE202B42D10028DF55 /* LedBLEControl */,
				493E7CC1202B42D10028DF55 /* LedBLEControlTests */,
				493E7CAD202B42D10028DF55 /* Products */,
			);
			sourceTree = "<group>";
		};
		493E7CAD202B42D10028DF55 /* Products */ = {
			isa = PBXGroup;
			children = (
				493E7CAC202B42D10028DF55 /* LedBLEControl.app */,
				493E7CBE202B42D10028DF55 /* LedBLEControlTests.xctest */,
			);
			name = Products;
			sourceTree = "<group>";
		};
		493E7CAE202B42D10028DF55 /* LedBLEControl */ = {
			isa = PBXGroup;
			children = (
				493E7CAF202B42D10028DF55 /* AppDelegate.swift */,
				493E7CB1202B42D10028DF55 /* ViewController.swift */,
				493E7CB3202B42D10028DF55 /* Assets.xcassets */,
				493E7CB5202B42D10028DF55 /* Main.storyboard */,
				493E7CB8202B42D10028DF55 /* Info.plist */,
				493E7CB9202B42D10028DF55 /* LedBLEControl.entitlements */,
			);
			path = LedBLEControl;
			sourceTree = "<group>";
		};
		493E7CC1202B42D10028DF55 /* LedBLEControlTests */ = {
			isa = PBXGroup;
			children = (
				493E7CC2202B42D10028DF55 /* LedBLEControlTests.swift */,
				493E7CC4202B42D10028DF55 /* Info.plist */,
			);
			path = LedBLEControlTests;
			sourceTree = "<group>";
		};
/* End PBXGroup section */

/* Begin PBXNativeTarget section */
		493E7CAB202B42D10028DF55 /* LedBLEControl */ = {
			isa = PBXNativeTarget;
			buildConfigurationList = 493E7CC7202B42D10028DF55 /* Build configuration list for PBXNativeTarget "LedBLEControl" */;
			buildPhases = (
				493E7CA8202B42D10028DF55 /* Sources */,
				493E7CA9202B42D10028DF55 /* Frameworks */,
				493E7CAA202B42D10028DF55 /* Resources */,
			);
			buildRules = (
			);
			dependencies = (
			);
			name = LedBLEControl;
			productName = LedBLEControl;
			productReference = 493E7CAC202B42D10028DF55 /* LedBLEControl.app */;
			productType = "com.apple.product-type.application";
		};
		493E7CBD202B42D10028DF55 /* LedBLEControlTests */ = {
			isa = PBXNativeTarget;
			buildConfigurationList = 493E7CCA202B42D10028DF55 /* Build configuration list for PBXNativeTarget "LedBLEControlTests" */;
			buildPhases = (
				493E7CBA202B42D10028DF55 /* Sources */,
				493E7CBB202B42D10028DF55 /* Frameworks */,
				493E7CBC202B42D10028DF55 /* Resources */,
			);
			buildRules = (
			);
			dependencies = (
				493E7CC0202B42D10028DF55 /* PBXTargetDependency */,
			);
			name = LedBLEControlTests;
			productName = LedBLEControlTests;
			productReference = 493E7CBE202B42D10028DF55 /* LedBLEControlTests.xctest */;
			productType = "com.apple.product-type.bundle.unit-test";
		};
/* End PBXNativeTarget section */

/* Begin PBXProject section */
		493E7CA4202B42D10028DF55 /* Project object */ = {
			isa = PBXProject;
			attributes = {
				LastSwiftUpdateCheck = 0920;
				LastUpgradeCheck = 1130;
				ORGANIZATIONNAME = "Sergio Gernyak";
				TargetAttributes = {
					493E7CAB202B42D10028DF55 = {
						CreatedOnToolsVersion = 9.2;
						LastSwiftMigration = 1010;
						ProvisioningStyle = Automatic;
					};
					493E7CBD202B42D10028DF55 = {
						CreatedOnToolsVersion = 9.2;
						LastSwiftMigration = 1010;
						ProvisioningStyle = Automatic;
						TestTargetID = 493E7CAB202B42D10028DF55;
					};
				};
			};
			buildConfigurationList = 493E7CA7202B42D10028DF55 /* Build configuration list for PBXProject "LedBLEControl" */;
			compatibilityVersion = "Xcode 8.0";
			developmentRegion = en;
			hasScannedForEncodings = 0;
			knownRegions = (
				en,
				Base,
			);
			mainGroup = 493E7CA3202B42D10028DF55;
			productRefGroup = 493E7CAD202B42D10028DF55 /* Products */;
			projectDirPath = "";
			projectRoot = "";
			targets = (
				493E7CAB202B42D10028DF55 /* LedBLEControl */,
				493E7CBD202B42D10028DF55 /* LedBLEControlTests */,
			);
		};
/* End PBXProject section */

/* Begin PBXResourcesBuildPhase section */
		493E7CAA202B42D10028DF55 /* Resources */ = {
			isa = PBXResourcesBuildPhase;
			buildActionMask = 2147483647;
			files = (
				493E7CB4202B42D10028DF55 /* Assets.xcassets in Resources */,
				493E7CB7202B42D10028DF55 /* Main.storyboard in Resources */,
			);
			runOnlyForDeploymentPostprocessing = 0;
		};
		493E7CBC202B42D10028DF55 /* Resources */ = {
			isa = PBXResourcesBuildPhase;
			buildActionMask = 2147483647;
			files = (
			);
			runOnlyForDeploymentPostprocessing = 0;
		};
/* End PBXResourcesBuildPhase section */

/* Begin PBXSourcesBuildPhase section */
		493E7CA8202B42D10028DF55 /* Sources */ = {
			isa = PBXSourcesBuildPhase;
			buildActionMask = 2147483647;
			files = (
				493E7CB2202B42D10028DF55 /* ViewController.swift in Sources */,
				493E7CB0202B42D10028DF55 /* AppDelegate.swift in Sources */,
			);
			runOnlyForDeploymentPostprocessing = 0;
		};
		493E7CBA202B42D10028DF55 /* Sources */ = {
			isa = PBXSourcesBuildPhase;
			buildActionMask = 2147483647;
			files = (
				493E7CC3202B42D10028DF55 /* LedBLEControlTests.swift in Sources */,
			);
			runOnlyForDeploymentPostprocessing = 0;
		};
/* End PBXSourcesBuildPhase section */

/* Begin PBXTargetDependency section */
		493E7CC0202B42D10028DF55 /* PBXTargetDependency */ = {
			isa = PBXTargetDependency;
			target = 493E7CAB202B42D10028DF55 /* LedBLEControl */;
			targetProxy = 493E7CBF202B42D10028DF55 /* PBXContainerItemProxy */;
		};
/* End PBXTargetDependency section */

/* Begin PBXVariantGroup section */
		493E7CB5202B42D10028DF55 /* Main.storyboard */ = {
			isa = PBXVariantGroup;
			children = (
				493E7CB6202B42D10028DF55 /* Base */,
			);
			name = Main.storyboard;
			sourceTree = "<group>";
		};
/* End PBXVariantGroup section */

/* Begin XCBuildConfiguration section */
		493E7CC5202B42D10028DF55 /* Debug */ = {
			isa = XCBuildConfiguration;
			buildSettings = {
				ALWAYS_SEARCH_USER_PATHS = NO;
				CLANG_ANALYZER_NONNULL = YES;
				CLANG_ANALYZER_NUMBER_OBJECT_CONVERSION = YES_AGGRESSIVE;
				CLANG_CXX_LANGUAGE_STANDARD = "gnu++14";
				CLANG_CXX_LIBRARY = "libc++";
				CLANG_ENABLE_MODULES = YES;
				CLANG_ENABLE_OBJC_ARC = YES;
				CLANG_WARN_BLOCK_CAPTURE_AUTORELEASING = YES;
				CLANG_WARN_BOOL_CONVERSION = YES;
				CLANG_WARN_COMMA = YES;
				CLANG_WARN_CONSTANT_CONVERSION = YES;
				CLANG_WARN_DEPRECATED_OBJC_IMPLEMENTATIONS = YES;
				CLANG_WARN_DIRECT_OBJC_ISA_USAGE = YES_ERROR;
				CLANG_WARN_DOCUMENTATION_COMMENTS = YES;
				CLANG_WARN_EMPTY_BODY = YES;
				CLANG_WARN_ENUM_CONVERSION = YES;
				CLANG_WARN_INFINITE_RECURSION = YES;
				CLANG_WARN_INT_CONVERSION = YES;
				CLANG_WARN_NON_LITERAL_NULL_CONVERSION = YES;
				CLANG_WARN_OBJC_IMPLICIT_RETAIN_SELF = YES;
				CLANG_WARN_OBJC_LITERAL_CONVERSION = YES;
				CLANG_WARN_OBJC_ROOT_CLASS = YES_ERROR;
				CLANG_WARN_RANGE_LOOP_ANALYSIS = YES;
				CLANG_WARN_STRICT_PROTOTYPES = YES;
				CLANG_WARN_SUSPICIOUS_MOVE = YES;
				CLANG_WARN_UNGUARDED_AVAILABILITY = YES_AGGRESSIVE;
				CLANG_WARN_UNREACHABLE_CODE = YES;
				CLANG_WARN__DUPLICATE_METHOD_MATCH = YES;
				CODE_SIGN_IDENTITY = "-";
				COPY_PHASE_STRIP = NO;
				DEBUG_INFORMATION_FORMAT = dwarf;
				ENABLE_STRICT_OBJC_MSGSEND = YES;
				ENABLE_TESTABILITY = YES;
				GCC_C_LANGUAGE_STANDARD = gnu11;
				GCC_DYNAMIC_NO_PIC = NO;
				GCC_NO_COMMON_BLOCKS = YES;
				GCC_OPTIMIZATION_LEVEL = 0;
				GCC_PREPROCESSOR_DEFINITIONS = (
					"DEBUG=1",
					"$(inherited)",
				);
				GCC_WARN_64_TO_32_BIT_CONVERSION = YES;
				GCC_WARN_ABOUT_RETURN_TYPE = YES_ERROR;
				GCC_WARN_UNDECLARED_SELECTOR = YES;
				GCC_WARN_UNINITIALIZED_AUTOS = YES_AGGRESSIVE;
				GCC_WARN_UNUSED_FUNCTION = YES;
				GCC_WARN_UNUSED_VARIABLE = YES;
				MACOSX_DEPLOYMENT_TARGET = 10.12;
				MTL_ENABLE_DEBUG_INFO = YES;
				ONLY_ACTIVE_ARCH = YES;
				SDKROOT = macosx;
				SWIFT_ACTIVE_COMPILATION_CONDITIONS = DEBUG;
				SWIFT_OPTIMIZATION_LEVEL = "-Onone";
			};
			name = Debug;
		};
		493E7CC6202B42D10028DF55 /* Release */ = {
			isa = XCBuildConfiguration;
			buildSettings = {
				ALWAYS_SEARCH_USER_PATHS = NO;
				CLANG_ANALYZER_NONNULL = YES;
				CLANG_ANALYZER_NUMBER_OBJECT_CONVERSION = YES_AGGRESSIVE;
				CLANG_CXX_LANGUAGE_STANDARD = "gnu++14";
				CLANG_CXX_LIBRARY = "libc++";
				CLANG_ENABLE_MODULES = YES;
				CLANG_ENABLE_OBJC_ARC = YES;
				CLANG_WARN_BLOCK_CAPTURE_AUTORELEASING = YES;
				CLANG_WARN_BOOL_CONVERSION = YES;
				CLANG_WARN_COMMA = YES;
				CLANG_WARN_CONSTANT_CONVERSION = YES;
				CLANG_WARN_DEPRECATED_OBJC_IMPLEMENTATIONS = YES;
				CLANG_WARN_DIRECT_OBJC_ISA_USAGE = YES_ERROR;
				CLANG_WARN_DOCUMENTATION_COMMENTS = YES;
				CLANG_WARN_EMPTY_BODY = YES;
				CLANG_WARN_ENUM_CONVERSION = YES;
				CLANG_WARN_INFINITE_RECURSION = YES;
				CLANG_WARN_INT_CONVERSION = YES;
				CLANG_WARN_NON_LITERAL_NULL_CONVERSION = YES;
				CLANG_WARN_OBJC_IMPLICIT_RETAIN_SELF = YES;
				CLANG_WARN_OBJC_LITERAL_CONVERSION = YES;
				CLANG_WARN_OBJC_ROOT_CLASS = YES_ERROR;
				CLANG_WARN_RANGE_LOOP_ANALYSIS = YES;
				CLANG_WARN_STRICT_PROTOTYPES = YES;
				CLANG_WARN_SUSPICIOUS_MOVE = YES;
				CLANG_WARN_UNGUARDED_AVAILABILITY = YES_AGGRESSIVE;
				CLANG_WARN_UNREACHABLE_CODE = YES;
				CLANG_WARN__DUPLICATE_METHOD_MATCH = YES;
				CODE_SIGN_IDENTITY = "-";
				COPY_PHASE_STRIP = NO;
				DEBUG_INFORMATION_FORMAT = "dwarf-with-dsym";
				ENABLE_NS_ASSERTIONS = NO;
				ENABLE_STRICT_OBJC_MSGSEND = YES;
				GCC_C_LANGUAGE_STANDARD = gnu11;
				GCC_NO_COMMON_BLOCKS = YES;
				GCC_WARN_64_TO_32_BIT_CONVERSION = YES;
				GCC_WARN_ABOUT_RETURN_TYPE = YES_ERROR;
				GCC_WARN_UNDECLARED_SELECTOR = YES;
				GCC_WARN_UNINITIALIZED_AUTOS = YES_AGGRESSIVE;
				GCC_WARN_UNUSED_FUNCTION = YES;
				GCC_WARN_UNUSED_VARIABLE = YES;
				MACOSX_DEPLOYMENT_TARGET = 10.12;
				MTL_ENABLE_DEBUG_INFO = NO;
				SDKROOT = macosx;
				SWIFT_OPTIMIZATION_LEVEL = "-Owholemodule";
			};
			name = Release;
		};
		493E7CC8202B42D10028DF55 /* Debug */ = {
			isa = XCBuildConfiguration;
			buildSettings = {
				ASSETCATALOG_COMPILER_APPICON_NAME = AppIcon;
				CODE_SIGN_ENTITLEMENTS = LedBLEControl/LedBLEControl.entitlements;
				CODE_SIGN_IDENTITY = "-";
				CODE_SIGN_STYLE = Automatic;
				COMBINE_HIDPI_IMAGES = YES;
				INFOPLIST_FILE = LedBLEControl/Info.plist;
				LD_RUNPATH_SEARCH_PATHS = "$(inherited) @executable_path/../Frameworks";
				MACOSX_DEPLOYMENT_TARGET = 10.14;
				PRODUCT_BUNDLE_IDENTIFIER = com.sergiogernyak.LedBLEControl;
				PRODUCT_NAME = "$(TARGET_NAME)";
				SWIFT_VERSION = 5.0;
			};
			name = Debug;
		};
		493E7CC9202B42D10028DF55 /* Release */ = {
			isa = XCBuildConfiguration;
			buildSettings = {
				ASSETCATALOG_COMPILER_APPICON_NAME = AppIcon;
				CODE_SIGN_ENTITLEMENTS = LedBLEControl/LedBLEControl.entitlements;
				CODE_SIGN_IDENTITY = "-";
				CODE_SIGN_STYLE = Automatic;
				COMBINE_HIDPI_IMAGES = YES;
				INFOPLIST_FILE = LedBLEControl/Info.plist;
				LD_RUNPATH_SEARCH_PATHS = "$(inherited) @executable_path/../Frameworks";
				MACOSX_DEPLOYMENT_TARGET = 10.14;
				PRODUCT_BUNDLE_IDENTIFIER = com.sergiogernyak.LedBLEControl;
				PRODUCT_NAME = "$(TARGET_NAME)";
				SWIFT_VERSION = 5.0;
			};
			name = Release;
		};
		493E7CCB202B42D10028DF55 /* Debug */ = {
			isa = XCBuildConfiguration;
			buildSettings = {
				ALWAYS_EMBED_SWIFT_STANDARD_LIBRARIES = YES;
				BUNDLE_LOADER = "$(TEST_HOST)";
				CODE_SIGN_STYLE = Automatic;
				COMBINE_HIDPI_IMAGES = YES;
				INFOPLIST_FILE = LedBLEControlTests/Info.plist;
				LD_RUNPATH_SEARCH_PATHS = "$(inherited) @executable_path/../Frameworks @loader_path/../Frameworks";
				PRODUCT_BUNDLE_IDENTIFIER = com.wearebrain.LedBLEControlTests;
				PRODUCT_NAME = "$(TARGET_NAME)";
				SWIFT_VERSION = 5.0;
				TEST_HOST = "$(BUILT_PRODUCTS_DIR)/LedBLEControl.app/Contents/MacOS/LedBLEControl";
			};
			name = Debug;
		};
		493E7CCC202B42D10028DF55 /* Release */ = {
			isa = XCBuildConfiguration;
			buildSettings = {
				ALWAYS_EMBED_SWIFT_STANDARD_LIBRARIES = YES;
				BUNDLE_LOADER = "$(TEST_HOST)";
				CODE_SIGN_STYLE = Automatic;
				COMBINE_HIDPI_IMAGES = YES;
				INFOPLIST_FILE = LedBLEControlTests/Info.plist;
				LD_RUNPATH_SEARCH_PATHS = "$(inherited) @executable_path/../Frameworks @loader_path/../Frameworks";
				PRODUCT_BUNDLE_IDENTIFIER = com.wearebrain.LedBLEControlTests;
				PRODUCT_NAME = "$(TARGET_NAME)";
				SWIFT_VERSION = 5.0;
				TEST_HOST = "$(BUILT_PRODUCTS_DIR)/LedBLEControl.app/Contents/MacOS/LedBLEControl";
			};
			name = Release;
		};
/* End XCBuildConfiguration section */

/* Begin XCConfigurationList section */
		493E7CA7202B42D10028DF55 /* Build configuration list for PBXProject "LedBLEControl" */ = {
			isa = XCConfigurationList;
			buildConfigurations = (
				493E7CC5202B42D10028DF55 /* Debug */,
				493E7CC6202B42D10028DF55 /* Release */,
			);
			defaultConfigurationIsVisible = 0;
			defaultConfigurationName = Release;
		};
		493E7CC7202B42D10028DF55 /* Build configuration list for PBXNativeTarget "LedBLEControl" */ = {
			isa = XCConfigurationList;
			buildConfigurations = (
				493E7CC8202B42D10028DF55 /* Debug */,
				493E7CC9202B42D10028DF55 /* Release */,
			);
			defaultConfigurationIsVisible = 0;
			defaultConfigurationName = Release;
		};
		493E7CCA202B42D10028DF55 /* Build configuration list for PBXNativeTarget "LedBLEControlTests" */ = {
			isa = XCConfigurationList;
			buildConfigurations = (
				493E7CCB202B42D10028DF55 /* Debug */,
				493E7CCC202B42D10028DF55 /* Release */,
			);
			defaultConfigurationIsVisible = 0;
			defaultConfigurationName = Release;
		};
/* End XCConfigurationList section */
	};
	rootObject = 493E7CA4202B42D10028DF55 /* Project object */;
}
